
Microsoft Visual Studio Solution File, Format Version 12.00
# Visual Studio Version 17
VisualStudioVersion = 17.5.002.0
MinimumVisualStudioVersion = 10.0.40219.1
Project("{9A19103F-16F7-4668-BE54-9A1E7A4F7556}") = "RunCompiler", "RunCompiler\RunCompiler.csproj", "{AB2788AA-5234-4CFA-BF0D-7EEA19D02210}"
EndProject
Global
	GlobalSection(SolutionConfigurationPlatforms) = preSolution
		Debug|Any CPU = Debug|Any CPU
		Release|Any CPU = Release|Any CPU
	EndGlobalSection
	GlobalSection(ProjectConfigurationPlatforms) = postSolution
		{AB2788AA-5234-4CFA-BF0D-7EEA19D02210}.Debug|Any CPU.ActiveCfg = Debug|Any CPU
		{AB2788AA-5234-4CFA-BF0D-7EEA19D02210}.Debug|Any CPU.Build.0 = Debug|Any CPU
		{AB2788AA-5234-4CFA-BF0D-7EEA19D02210}.Release|Any CPU.ActiveCfg = Release|Any CPU
		{AB2788AA-5234-4CFA-BF0D-7EEA19D02210}.Release|Any CPU.Build.0 = Release|Any CPU
	EndGlobalSection
	GlobalSection(SolutionProperties) = preSolution
		HideSolutionNode = FALSE
	EndGlobalSection
	GlobalSection(ExtensibilityGlobals) = postSolution
		SolutionGuid = {2CD42436-BB8C-4AC9-8E19-C3D1F5CE9647}
	EndGlobalSection
EndGlobal
